
Microsoft Visual Studio Solution File, Format Version 12.00
# Visual Studio Version 17
VisualStudioVersion = 17.7.34018.315
MinimumVisualStudioVersion = 10.0.40219.1
Project("{8BC9CEB8-8B4A-11D0-8D11-00A0C91BC942}") = "AsiLoader", "AsiLoader.vcxproj", "{4CC60C84-86F8-4E30-9A3F-BB5A9AB1AC59}"
EndProject
Project("{8BC9CEB8-8B4A-11D0-8D11-00A0C91BC942}") = "AsiLoaderExtension", "AsiLoaderExtension\AsiLoaderExtension.vcxproj", "{029E5746-BF41-42C3-871F-DCE44670A3B0}"
EndProject
Global
	GlobalSection(SolutionConfigurationPlatforms) = preSolution
		d2d1|x64 = d2d1|x64
		d2d1|x86 = d2d1|x86
		d3d10|x64 = d3d10|x64
		d3d10|x86 = d3d10|x86
		d3d11|x64 = d3d11|x64
		d3d11|x86 = d3d11|x86
		d3d12|x64 = d3d12|x64
		d3d12|x86 = d3d12|x86
		d3d9|x64 = d3d9|x64
		d3d9|x86 = d3d9|x86
		d3dcompiler_43|x64 = d3dcompiler_43|x64
		d3dcompiler_43|x86 = d3dcompiler_43|x86
		d3dcompiler_46|x64 = d3dcompiler_46|x64
		d3dcompiler_46|x86 = d3dcompiler_46|x86
		d3dcompiler_47|x64 = d3dcompiler_47|x64
		d3dcompiler_47|x86 = d3dcompiler_47|x86
		ddraw|x64 = ddraw|x64
		ddraw|x86 = ddraw|x86
		Debug|x64 = Debug|x64
		Debug|x86 = Debug|x86
		dinput|x64 = dinput|x64
		dinput|x86 = dinput|x86
		dinput8|x64 = dinput8|x64
		dinput8|x86 = dinput8|x86
		dsound|x64 = dsound|x64
		dsound|x86 = dsound|x86
		eossdk-win64-shipping|x64 = eossdk-win64-shipping|x64
		eossdk-win64-shipping|x86 = eossdk-win64-shipping|x86
		kernel32|x64 = kernel32|x64
		kernel32|x86 = kernel32|x86
		msacm32|x64 = msacm32|x64
		msacm32|x86 = msacm32|x86
		msvfw32|x64 = msvfw32|x64
		msvfw32|x86 = msvfw32|x86
		ntdll|x64 = ntdll|x64
		ntdll|x86 = ntdll|x86
		psapi|x64 = psapi|x64
		psapi|x86 = psapi|x86
		Release|x64 = Release|x64
		Release|x86 = Release|x86
		steam_api64|x64 = steam_api64|x64
		steam_api64|x86 = steam_api64|x86
		vcruntime140|x64 = vcruntime140|x64
		vcruntime140|x86 = vcruntime140|x86
		vcruntime140d|x64 = vcruntime140d|x64
		vcruntime140d|x86 = vcruntime140d|x86
		version|x64 = version|x64
		version|x86 = version|x86
		winhttp|x64 = winhttp|x64
		winhttp|x86 = winhttp|x86
		wininet|x64 = wininet|x64
		wininet|x86 = wininet|x86
		winmm|x64 = winmm|x64
		winmm|x86 = winmm|x86
		xaudio2_7|x64 = xaudio2_7|x64
		xaudio2_7|x86 = xaudio2_7|x86
		xaudio2_8|x64 = xaudio2_8|x64
		xaudio2_8|x86 = xaudio2_8|x86
		xaudio2_9|x64 = xaudio2_9|x64
		xaudio2_9|x86 = xaudio2_9|x86
		xinput1_3|x64 = xinput1_3|x64
		xinput1_3|x86 = xinput1_3|x86
		xinput1_4|x64 = xinput1_4|x64
		xinput1_4|x86 = xinput1_4|x86
		xinput9_1_0|x64 = xinput9_1_0|x64
		xinput9_1_0|x86 = xinput9_1_0|x86
	EndGlobalSection
	GlobalSection(ProjectConfigurationPlatforms) = postSolution
		{4CC60C84-86F8-4E30-9A3F-BB5A9AB1AC59}.d2d1|x64.ActiveCfg = d2d1|x64
		{4CC60C84-86F8-4E30-9A3F-BB5A9AB1AC59}.d2d1|x64.Build.0 = d2d1|x64
		{4CC60C84-86F8-4E30-9A3F-BB5A9AB1AC59}.d2d1|x86.ActiveCfg = d2d1|Win32
		{4CC60C84-86F8-4E30-9A3F-BB5A9AB1AC59}.d2d1|x86.Build.0 = d2d1|Win32
		{4CC60C84-86F8-4E30-9A3F-BB5A9AB1AC59}.d3d10|x64.ActiveCfg = d3d10|x64
		{4CC60C84-86F8-4E30-9A3F-BB5A9AB1AC59}.d3d10|x64.Build.0 = d3d10|x64
		{4CC60C84-86F8-4E30-9A3F-BB5A9AB1AC59}.d3d10|x86.ActiveCfg = d3d10|Win32
		{4CC60C84-86F8-4E30-9A3F-BB5A9AB1AC59}.d3d10|x86.Build.0 = d3d10|Win32
		{4CC60C84-86F8-4E30-9A3F-BB5A9AB1AC59}.d3d11|x64.ActiveCfg = d3d11|x64
		{4CC60C84-86F8-4E30-9A3F-BB5A9AB1AC59}.d3d11|x64.Build.0 = d3d11|x64
		{4CC60C84-86F8-4E30-9A3F-BB5A9AB1AC59}.d3d11|x86.ActiveCfg = d3d11|Win32
		{4CC60C84-86F8-4E30-9A3F-BB5A9AB1AC59}.d3d11|x86.Build.0 = d3d11|Win32
		{4CC60C84-86F8-4E30-9A3F-BB5A9AB1AC59}.d3d12|x64.ActiveCfg = d3d12|x64
		{4CC60C84-86F8-4E30-9A3F-BB5A9AB1AC59}.d3d12|x64.Build.0 = d3d12|x64
		{4CC60C84-86F8-4E30-9A3F-BB5A9AB1AC59}.d3d12|x86.ActiveCfg = d3d12|Win32
		{4CC60C84-86F8-4E30-9A3F-BB5A9AB1AC59}.d3d12|x86.Build.0 = d3d12|Win32
		{4CC60C84-86F8-4E30-9A3F-BB5A9AB1AC59}.d3d9|x64.ActiveCfg = d3d9|x64
		{4CC60C84-86F8-4E30-9A3F-BB5A9AB1AC59}.d3d9|x64.Build.0 = d3d9|x64
		{4CC60C84-86F8-4E30-9A3F-BB5A9AB1AC59}.d3d9|x86.ActiveCfg = d3d9|Win32
		{4CC60C84-86F8-4E30-9A3F-BB5A9AB1AC59}.d3d9|x86.Build.0 = d3d9|Win32
		{4CC60C84-86F8-4E30-9A3F-BB5A9AB1AC59}.d3dcompiler_43|x64.ActiveCfg = d3dcompiler_43|x64
		{4CC60C84-86F8-4E30-9A3F-BB5A9AB1AC59}.d3dcompiler_43|x64.Build.0 = d3dcompiler_43|x64
		{4CC60C84-86F8-4E30-9A3F-BB5A9AB1AC59}.d3dcompiler_43|x86.ActiveCfg = d3dcompiler_43|Win32
		{4CC60C84-86F8-4E30-9A3F-BB5A9AB1AC59}.d3dcompiler_43|x86.Build.0 = d3dcompiler_43|Win32
		{4CC60C84-86F8-4E30-9A3F-BB5A9AB1AC59}.d3dcompiler_46|x64.ActiveCfg = d3dcompiler_46|x64
		{4CC60C84-86F8-4E30-9A3F-BB5A9AB1AC59}.d3dcompiler_46|x64.Build.0 = d3dcompiler_46|x64
		{4CC60C84-86F8-4E30-9A3F-BB5A9AB1AC59}.d3dcompiler_46|x86.ActiveCfg = d3dcompiler_46|Win32
		{4CC60C84-86F8-4E30-9A3F-BB5A9AB1AC59}.d3dcompiler_46|x86.Build.0 = d3dcompiler_46|Win32
		{4CC60C84-86F8-4E30-9A3F-BB5A9AB1AC59}.d3dcompiler_47|x64.ActiveCfg = d3dcompiler_47|x64
		{4CC60C84-86F8-4E30-9A3F-BB5A9AB1AC59}.d3dcompiler_47|x64.Build.0 = d3dcompiler_47|x64
		{4CC60C84-86F8-4E30-9A3F-BB5A9AB1AC59}.d3dcompiler_47|x86.ActiveCfg = d3dcompiler_47|Win32
		{4CC60C84-86F8-4E30-9A3F-BB5A9AB1AC59}.d3dcompiler_47|x86.Build.0 = d3dcompiler_47|Win32
		{4CC60C84-86F8-4E30-9A3F-BB5A9AB1AC59}.ddraw|x64.ActiveCfg = ddraw|x64
		{4CC60C84-86F8-4E30-9A3F-BB5A9AB1AC59}.ddraw|x64.Build.0 = ddraw|x64
		{4CC60C84-86F8-4E30-9A3F-BB5A9AB1AC59}.ddraw|x86.ActiveCfg = ddraw|Win32
		{4CC60C84-86F8-4E30-9A3F-BB5A9AB1AC59}.ddraw|x86.Build.0 = ddraw|Win32
		{4CC60C84-86F8-4E30-9A3F-BB5A9AB1AC59}.Debug|x64.ActiveCfg = Debug|x64
		{4CC60C84-86F8-4E30-9A3F-BB5A9AB1AC59}.Debug|x64.Build.0 = Debug|x64
		{4CC60C84-86F8-4E30-9A3F-BB5A9AB1AC59}.Debug|x86.ActiveCfg = Debug|Win32
		{4CC60C84-86F8-4E30-9A3F-BB5A9AB1AC59}.Debug|x86.Build.0 = Debug|Win32
		{4CC60C84-86F8-4E30-9A3F-BB5A9AB1AC59}.dinput|x64.ActiveCfg = dinput|x64
		{4CC60C84-86F8-4E30-9A3F-BB5A9AB1AC59}.dinput|x64.Build.0 = dinput|x64
		{4CC60C84-86F8-4E30-9A3F-BB5A9AB1AC59}.dinput|x86.ActiveCfg = dinput|Win32
		{4CC60C84-86F8-4E30-9A3F-BB5A9AB1AC59}.dinput|x86.Build.0 = dinput|Win32
		{4CC60C84-86F8-4E30-9A3F-BB5A9AB1AC59}.dinput8|x64.ActiveCfg = dinput8|x64
		{4CC60C84-86F8-4E30-9A3F-BB5A9AB1AC59}.dinput8|x64.Build.0 = dinput8|x64
		{4CC60C84-86F8-4E30-9A3F-BB5A9AB1AC59}.dinput8|x86.ActiveCfg = dinput8|Win32
		{4CC60C84-86F8-4E30-9A3F-BB5A9AB1AC59}.dinput8|x86.Build.0 = dinput8|Win32
		{4CC60C84-86F8-4E30-9A3F-BB5A9AB1AC59}.dsound|x64.ActiveCfg = dsound|x64
		{4CC60C84-86F8-4E30-9A3F-BB5A9AB1AC59}.dsound|x64.Build.0 = dsound|x64
		{4CC60C84-86F8-4E30-9A3F-BB5A9AB1AC59}.dsound|x86.ActiveCfg = dsound|Win32
		{4CC60C84-86F8-4E30-9A3F-BB5A9AB1AC59}.dsound|x86.Build.0 = dsound|Win32
		{4CC60C84-86F8-4E30-9A3F-BB5A9AB1AC59}.eossdk-win64-shipping|x64.ActiveCfg = eossdk-win64-shipping|x64
		{4CC60C84-86F8-4E30-9A3F-BB5A9AB1AC59}.eossdk-win64-shipping|x64.Build.0 = eossdk-win64-shipping|x64
		{4CC60C84-86F8-4E30-9A3F-BB5A9AB1AC59}.eossdk-win64-shipping|x86.ActiveCfg = eossdk-win64-shipping|Win32
		{4CC60C84-86F8-4E30-9A3F-BB5A9AB1AC59}.eossdk-win64-shipping|x86.Build.0 = eossdk-win64-shipping|Win32
		{4CC60C84-86F8-4E30-9A3F-BB5A9AB1AC59}.kernel32|x64.ActiveCfg = kernel32|x64
		{4CC60C84-86F8-4E30-9A3F-BB5A9AB1AC59}.kernel32|x64.Build.0 = kernel32|x64
		{4CC60C84-86F8-4E30-9A3F-BB5A9AB1AC59}.kernel32|x86.ActiveCfg = kernel32|Win32
		{4CC60C84-86F8-4E30-9A3F-BB5A9AB1AC59}.kernel32|x86.Build.0 = kernel32|Win32
		{4CC60C84-86F8-4E30-9A3F-BB5A9AB1AC59}.msacm32|x64.ActiveCfg = msacm32|x64
		{4CC60C84-86F8-4E30-9A3F-BB5A9AB1AC59}.msacm32|x64.Build.0 = msacm32|x64
		{4CC60C84-86F8-4E30-9A3F-BB5A9AB1AC59}.msacm32|x86.ActiveCfg = msacm32|Win32
		{4CC60C84-86F8-4E30-9A3F-BB5A9AB1AC59}.msacm32|x86.Build.0 = msacm32|Win32
		{4CC60C84-86F8-4E30-9A3F-BB5A9AB1AC59}.msvfw32|x64.ActiveCfg = msvfw32|x64
		{4CC60C84-86F8-4E30-9A3F-BB5A9AB1AC59}.msvfw32|x64.Build.0 = msvfw32|x64
		{4CC60C84-86F8-4E30-9A3F-BB5A9AB1AC59}.msvfw32|x86.ActiveCfg = msvfw32|Win32
		{4CC60C84-86F8-4E30-9A3F-BB5A9AB1AC59}.msvfw32|x86.Build.0 = msvfw32|Win32
		{4CC60C84-86F8-4E30-9A3F-BB5A9AB1AC59}.ntdll|x64.ActiveCfg = ntdll|x64
		{4CC60C84-86F8-4E30-9A3F-BB5A9AB1AC59}.ntdll|x64.Build.0 = ntdll|x64
		{4CC60C84-86F8-4E30-9A3F-BB5A9AB1AC59}.ntdll|x86.ActiveCfg = ntdll|Win32
		{4CC60C84-86F8-4E30-9A3F-BB5A9AB1AC59}.ntdll|x86.Build.0 = ntdll|Win32
		{4CC60C84-86F8-4E30-9A3F-BB5A9AB1AC59}.psapi|x64.ActiveCfg = psapi|x64
		{4CC60C84-86F8-4E30-9A3F-BB5A9AB1AC59}.psapi|x64.Build.0 = psapi|x64
		{4CC60C84-86F8-4E30-9A3F-BB5A9AB1AC59}.psapi|x86.ActiveCfg = psapi|Win32
		{4CC60C84-86F8-4E30-9A3F-BB5A9AB1AC59}.psapi|x86.Build.0 = psapi|Win32
		{4CC60C84-86F8-4E30-9A3F-BB5A9AB1AC59}.Release|x64.ActiveCfg = Release|x64
		{4CC60C84-86F8-4E30-9A3F-BB5A9AB1AC59}.Release|x64.Build.0 = Release|x64
		{4CC60C84-86F8-4E30-9A3F-BB5A9AB1AC59}.Release|x86.ActiveCfg = Release|Win32
		{4CC60C84-86F8-4E30-9A3F-BB5A9AB1AC59}.Release|x86.Build.0 = Release|Win32
		{4CC60C84-86F8-4E30-9A3F-BB5A9AB1AC59}.steam_api64|x64.ActiveCfg = steam_api64|x64
		{4CC60C84-86F8-4E30-9A3F-BB5A9AB1AC59}.steam_api64|x64.Build.0 = steam_api64|x64
		{4CC60C84-86F8-4E30-9A3F-BB5A9AB1AC59}.steam_api64|x86.ActiveCfg = steam_api64|Win32
		{4CC60C84-86F8-4E30-9A3F-BB5A9AB1AC59}.steam_api64|x86.Build.0 = steam_api64|Win32
		{4CC60C84-86F8-4E30-9A3F-BB5A9AB1AC59}.vcruntime140|x64.ActiveCfg = vcruntime140|x64
		{4CC60C84-86F8-4E30-9A3F-BB5A9AB1AC59}.vcruntime140|x64.Build.0 = vcruntime140|x64
		{4CC60C84-86F8-4E30-9A3F-BB5A9AB1AC59}.vcruntime140|x86.ActiveCfg = vcruntime140|Win32
		{4CC60C84-86F8-4E30-9A3F-BB5A9AB1AC59}.vcruntime140|x86.Build.0 = vcruntime140|Win32
		{4CC60C84-86F8-4E30-9A3F-BB5A9AB1AC59}.vcruntime140d|x64.ActiveCfg = vcruntime140d|x64
		{4CC60C84-86F8-4E30-9A3F-BB5A9AB1AC59}.vcruntime140d|x64.Build.0 = vcruntime140d|x64
		{4CC60C84-86F8-4E30-9A3F-BB5A9AB1AC59}.vcruntime140d|x86.ActiveCfg = vcruntime140d|Win32
		{4CC60C84-86F8-4E30-9A3F-BB5A9AB1AC59}.vcruntime140d|x86.Build.0 = vcruntime140d|Win32
		{4CC60C84-86F8-4E30-9A3F-BB5A9AB1AC59}.version|x64.ActiveCfg = version|x64
		{4CC60C84-86F8-4E30-9A3F-BB5A9AB1AC59}.version|x64.Build.0 = version|x64
		{4CC60C84-86F8-4E30-9A3F-BB5A9AB1AC59}.version|x86.ActiveCfg = version|Win32
		{4CC60C84-86F8-4E30-9A3F-BB5A9AB1AC59}.version|x86.Build.0 = version|Win32
		{4CC60C84-86F8-4E30-9A3F-BB5A9AB1AC59}.winhttp|x64.ActiveCfg = winhttp|x64
		{4CC60C84-86F8-4E30-9A3F-BB5A9AB1AC59}.winhttp|x64.Build.0 = winhttp|x64
		{4CC60C84-86F8-4E30-9A3F-BB5A9AB1AC59}.winhttp|x86.ActiveCfg = winhttp|Win32
		{4CC60C84-86F8-4E30-9A3F-BB5A9AB1AC59}.winhttp|x86.Build.0 = winhttp|Win32
		{4CC60C84-86F8-4E30-9A3F-BB5A9AB1AC59}.wininet|x64.ActiveCfg = wininet|x64
		{4CC60C84-86F8-4E30-9A3F-BB5A9AB1AC59}.wininet|x64.Build.0 = wininet|x64
		{4CC60C84-86F8-4E30-9A3F-BB5A9AB1AC59}.wininet|x86.ActiveCfg = wininet|Win32
		{4CC60C84-86F8-4E30-9A3F-BB5A9AB1AC59}.wininet|x86.Build.0 = wininet|Win32
		{4CC60C84-86F8-4E30-9A3F-BB5A9AB1AC59}.winmm|x64.ActiveCfg = winmm|x64
		{4CC60C84-86F8-4E30-9A3F-BB5A9AB1AC59}.winmm|x64.Build.0 = winmm|x64
		{4CC60C84-86F8-4E30-9A3F-BB5A9AB1AC59}.winmm|x86.ActiveCfg = winmm|Win32
		{4CC60C84-86F8-4E30-9A3F-BB5A9AB1AC59}.winmm|x86.Build.0 = winmm|Win32
		{4CC60C84-86F8-4E30-9A3F-BB5A9AB1AC59}.xaudio2_7|x64.ActiveCfg = xaudio2_7|x64
		{4CC60C84-86F8-4E30-9A3F-BB5A9AB1AC59}.xaudio2_7|x64.Build.0 = xaudio2_7|x64
		{4CC60C84-86F8-4E30-9A3F-BB5A9AB1AC59}.xaudio2_7|x86.ActiveCfg = xaudio2_7|Win32
		{4CC60C84-86F8-4E30-9A3F-BB5A9AB1AC59}.xaudio2_7|x86.Build.0 = xaudio2_7|Win32
		{4CC60C84-86F8-4E30-9A3F-BB5A9AB1AC59}.xaudio2_8|x64.ActiveCfg = xaudio2_8|x64
		{4CC60C84-86F8-4E30-9A3F-BB5A9AB1AC59}.xaudio2_8|x64.Build.0 = xaudio2_8|x64
		{4CC60C84-86F8-4E30-9A3F-BB5A9AB1AC59}.xaudio2_8|x86.ActiveCfg = xaudio2_8|Win32
		{4CC60C84-86F8-4E30-9A3F-BB5A9AB1AC59}.xaudio2_8|x86.Build.0 = xaudio2_8|Win32
		{4CC60C84-86F8-4E30-9A3F-BB5A9AB1AC59}.xaudio2_9|x64.ActiveCfg = xaudio2_9|x64
		{4CC60C84-86F8-4E30-9A3F-BB5A9AB1AC59}.xaudio2_9|x64.Build.0 = xaudio2_9|x64
		{4CC60C84-86F8-4E30-9A3F-BB5A9AB1AC59}.xaudio2_9|x86.ActiveCfg = xaudio2_9|Win32
		{4CC60C84-86F8-4E30-9A3F-BB5A9AB1AC59}.xaudio2_9|x86.Build.0 = xaudio2_9|Win32
		{4CC60C84-86F8-4E30-9A3F-BB5A9AB1AC59}.xinput1_3|x64.ActiveCfg = xinput1_3|x64
		{4CC60C84-86F8-4E30-9A3F-BB5A9AB1AC59}.xinput1_3|x64.Build.0 = xinput1_3|x64
		{4CC60C84-86F8-4E30-9A3F-BB5A9AB1AC59}.xinput1_3|x86.ActiveCfg = xinput1_3|Win32
		{4CC60C84-86F8-4E30-9A3F-BB5A9AB1AC59}.xinput1_3|x86.Build.0 = xinput1_3|Win32
		{4CC60C84-86F8-4E30-9A3F-BB5A9AB1AC59}.xinput1_4|x64.ActiveCfg = xinput1_4|x64
		{4CC60C84-86F8-4E30-9A3F-BB5A9AB1AC59}.xinput1_4|x64.Build.0 = xinput1_4|x64
		{4CC60C84-86F8-4E30-9A3F-BB5A9AB1AC59}.xinput1_4|x86.ActiveCfg = xinput1_4|Win32
		{4CC60C84-86F8-4E30-9A3F-BB5A9AB1AC59}.xinput1_4|x86.Build.0 = xinput1_4|Win32
		{4CC60C84-86F8-4E30-9A3F-BB5A9AB1AC59}.xinput9_1_0|x64.ActiveCfg = xinput9_1_0|x64
		{4CC60C84-86F8-4E30-9A3F-BB5A9AB1AC59}.xinput9_1_0|x64.Build.0 = xinput9_1_0|x64
		{4CC60C84-86F8-4E30-9A3F-BB5A9AB1AC59}.xinput9_1_0|x86.ActiveCfg = xinput9_1_0|Win32
		{4CC60C84-86F8-4E30-9A3F-BB5A9AB1AC59}.xinput9_1_0|x86.Build.0 = xinput9_1_0|Win32
		{029E5746-BF41-42C3-871F-DCE44670A3B0}.d2d1|x64.ActiveCfg = Debug|x64
		{029E5746-BF41-42C3-871F-DCE44670A3B0}.d2d1|x64.Build.0 = Debug|x64
		{029E5746-BF41-42C3-871F-DCE44670A3B0}.d2d1|x86.ActiveCfg = Debug|Win32
		{029E5746-BF41-42C3-871F-DCE44670A3B0}.d2d1|x86.Build.0 = Debug|Win32
		{029E5746-BF41-42C3-871F-DCE44670A3B0}.d3d10|x64.ActiveCfg = Debug|x64
		{029E5746-BF41-42C3-871F-DCE44670A3B0}.d3d10|x64.Build.0 = Debug|x64
		{029E5746-BF41-42C3-871F-DCE44670A3B0}.d3d10|x86.ActiveCfg = Debug|Win32
		{029E5746-BF41-42C3-871F-DCE44670A3B0}.d3d10|x86.Build.0 = Debug|Win32
		{029E5746-BF41-42C3-871F-DCE44670A3B0}.d3d11|x64.ActiveCfg = Debug|x64
		{029E5746-BF41-42C3-871F-DCE44670A3B0}.d3d11|x64.Build.0 = Debug|x64
		{029E5746-BF41-42C3-871F-DCE44670A3B0}.d3d11|x86.ActiveCfg = Debug|Win32
		{029E5746-BF41-42C3-871F-DCE44670A3B0}.d3d11|x86.Build.0 = Debug|Win32
		{029E5746-BF41-42C3-871F-DCE44670A3B0}.d3d12|x64.ActiveCfg = Debug|x64
		{029E5746-BF41-42C3-871F-DCE44670A3B0}.d3d12|x64.Build.0 = Debug|x64
		{029E5746-BF41-42C3-871F-DCE44670A3B0}.d3d12|x86.ActiveCfg = Debug|Win32
		{029E5746-BF41-42C3-871F-DCE44670A3B0}.d3d12|x86.Build.0 = Debug|Win32
		{029E5746-BF41-42C3-871F-DCE44670A3B0}.d3d9|x64.ActiveCfg = Debug|x64
		{029E5746-BF41-42C3-871F-DCE44670A3B0}.d3d9|x64.Build.0 = Debug|x64
		{029E5746-BF41-42C3-871F-DCE44670A3B0}.d3d9|x86.ActiveCfg = Debug|Win32
		{029E5746-BF41-42C3-871F-DCE44670A3B0}.d3d9|x86.Build.0 = Debug|Win32
		{029E5746-BF41-42C3-871F-DCE44670A3B0}.d3dcompiler_43|x64.ActiveCfg = Debug|x64
		{029E5746-BF41-42C3-871F-DCE44670A3B0}.d3dcompiler_43|x64.Build.0 = Debug|x64
		{029E5746-BF41-42C3-871F-DCE44670A3B0}.d3dcompiler_43|x86.ActiveCfg = Debug|Win32
		{029E5746-BF41-42C3-871F-DCE44670A3B0}.d3dcompiler_43|x86.Build.0 = Debug|Win32
		{029E5746-BF41-42C3-871F-DCE44670A3B0}.d3dcompiler_46|x64.ActiveCfg = Debug|x64
		{029E5746-BF41-42C3-871F-DCE44670A3B0}.d3dcompiler_46|x64.Build.0 = Debug|x64
		{029E5746-BF41-42C3-871F-DCE44670A3B0}.d3dcompiler_46|x86.ActiveCfg = Debug|Win32
		{029E5746-BF41-42C3-871F-DCE44670A3B0}.d3dcompiler_46|x86.Build.0 = Debug|Win32
		{029E5746-BF41-42C3-871F-DCE44670A3B0}.d3dcompiler_47|x64.ActiveCfg = Debug|x64
		{029E5746-BF41-42C3-871F-DCE44670A3B0}.d3dcompiler_47|x64.Build.0 = Debug|x64
		{029E5746-BF41-42C3-871F-DCE44670A3B0}.d3dcompiler_47|x86.ActiveCfg = Debug|Win32
		{029E5746-BF41-42C3-871F-DCE44670A3B0}.d3dcompiler_47|x86.Build.0 = Debug|Win32
		{029E5746-BF41-42C3-871F-DCE44670A3B0}.ddraw|x64.ActiveCfg = Debug|x64
		{029E5746-BF41-42C3-871F-DCE44670A3B0}.ddraw|x64.Build.0 = Debug|x64
		{029E5746-BF41-42C3-871F-DCE44670A3B0}.ddraw|x86.ActiveCfg = Debug|Win32
		{029E5746-BF41-42C3-871F-DCE44670A3B0}.ddraw|x86.Build.0 = Debug|Win32
		{029E5746-BF41-42C3-871F-DCE44670A3B0}.Debug|x64.ActiveCfg = Debug|x64
		{029E5746-BF41-42C3-871F-DCE44670A3B0}.Debug|x64.Build.0 = Debug|x64
		{029E5746-BF41-42C3-871F-DCE44670A3B0}.Debug|x86.ActiveCfg = Debug|Win32
		{029E5746-BF41-42C3-871F-DCE44670A3B0}.Debug|x86.Build.0 = Debug|Win32
		{029E5746-BF41-42C3-871F-DCE44670A3B0}.dinput|x64.ActiveCfg = Debug|x64
		{029E5746-BF41-42C3-871F-DCE44670A3B0}.dinput|x64.Build.0 = Debug|x64
		{029E5746-BF41-42C3-871F-DCE44670A3B0}.dinput|x86.ActiveCfg = Debug|Win32
		{029E5746-BF41-42C3-871F-DCE44670A3B0}.dinput|x86.Build.0 = Debug|Win32
		{029E5746-BF41-42C3-871F-DCE44670A3B0}.dinput8|x64.ActiveCfg = Debug|x64
		{029E5746-BF41-42C3-871F-DCE44670A3B0}.dinput8|x64.Build.0 = Debug|x64
		{029E5746-BF41-42C3-871F-DCE44670A3B0}.dinput8|x86.ActiveCfg = Debug|Win32
		{029E5746-BF41-42C3-871F-DCE44670A3B0}.dinput8|x86.Build.0 = Debug|Win32
		{029E5746-BF41-42C3-871F-DCE44670A3B0}.dsound|x64.ActiveCfg = Debug|x64
		{029E5746-BF41-42C3-871F-DCE44670A3B0}.dsound|x64.Build.0 = Debug|x64
		{029E5746-BF41-42C3-871F-DCE44670A3B0}.dsound|x86.ActiveCfg = Debug|Win32
		{029E5746-BF41-42C3-871F-DCE44670A3B0}.dsound|x86.Build.0 = Debug|Win32
		{029E5746-BF41-42C3-871F-DCE44670A3B0}.eossdk-win64-shipping|x64.ActiveCfg = Debug|x64
		{029E5746-BF41-42C3-871F-DCE44670A3B0}.eossdk-win64-shipping|x64.Build.0 = Debug|x64
		{029E5746-BF41-42C3-871F-DCE44670A3B0}.eossdk-win64-shipping|x86.ActiveCfg = Debug|Win32
		{029E5746-BF41-42C3-871F-DCE44670A3B0}.eossdk-win64-shipping|x86.Build.0 = Debug|Win32
		{029E5746-BF41-42C3-871F-DCE44670A3B0}.kernel32|x64.ActiveCfg = Debug|x64
		{029E5746-BF41-42C3-871F-DCE44670A3B0}.kernel32|x64.Build.0 = Debug|x64
		{029E5746-BF41-42C3-871F-DCE44670A3B0}.kernel32|x86.ActiveCfg = Debug|Win32
		{029E5746-BF41-42C3-871F-DCE44670A3B0}.kernel32|x86.Build.0 = Debug|Win32
		{029E5746-BF41-42C3-871F-DCE44670A3B0}.msacm32|x64.ActiveCfg = Debug|x64
		{029E5746-BF41-42C3-871F-DCE44670A3B0}.msacm32|x64.Build.0 = Debug|x64
		{029E5746-BF41-42C3-871F-DCE44670A3B0}.msacm32|x86.ActiveCfg = Debug|Win32
		{029E5746-BF41-42C3-871F-DCE44670A3B0}.msacm32|x86.Build.0 = Debug|Win32
		{029E5746-BF41-42C3-871F-DCE44670A3B0}.msvfw32|x64.ActiveCfg = Debug|x64
		{029E5746-BF41-42C3-871F-DCE44670A3B0}.msvfw32|x64.Build.0 = Debug|x64
		{029E5746-BF41-42C3-871F-DCE44670A3B0}.msvfw32|x86.ActiveCfg = Debug|Win32
		{029E5746-BF41-42C3-871F-DCE44670A3B0}.msvfw32|x86.Build.0 = Debug|Win32
		{029E5746-BF41-42C3-871F-DCE44670A3B0}.ntdll|x64.ActiveCfg = Debug|x64
		{029E5746-BF41-42C3-871F-DCE44670A3B0}.ntdll|x64.Build.0 = Debug|x64
		{029E5746-BF41-42C3-871F-DCE44670A3B0}.ntdll|x86.ActiveCfg = Debug|Win32
		{029E5746-BF41-42C3-871F-DCE44670A3B0}.ntdll|x86.Build.0 = Debug|Win32
		{029E5746-BF41-42C3-871F-DCE44670A3B0}.psapi|x64.ActiveCfg = Debug|x64
		{029E5746-BF41-42C3-871F-DCE44670A3B0}.psapi|x64.Build.0 = Debug|x64
		{029E5746-BF41-42C3-871F-DCE44670A3B0}.psapi|x86.ActiveCfg = Debug|Win32
		{029E5746-BF41-42C3-871F-DCE44670A3B0}.psapi|x86.Build.0 = Debug|Win32
		{029E5746-BF41-42C3-871F-DCE44670A3B0}.Release|x64.ActiveCfg = Release|x64
		{029E5746-BF41-42C3-871F-DCE44670A3B0}.Release|x64.Build.0 = Release|x64
		{029E5746-BF41-42C3-871F-DCE44670A3B0}.Release|x86.ActiveCfg = Release|Win32
		{029E5746-BF41-42C3-871F-DCE44670A3B0}.Release|x86.Build.0 = Release|Win32
		{029E5746-BF41-42C3-871F-DCE44670A3B0}.steam_api64|x64.ActiveCfg = Debug|x64
		{029E5746-BF41-42C3-871F-DCE44670A3B0}.steam_api64|x64.Build.0 = Debug|x64
		{029E5746-BF41-42C3-871F-DCE44670A3B0}.steam_api64|x86.ActiveCfg = Debug|Win32
		{029E5746-BF41-42C3-871F-DCE44670A3B0}.steam_api64|x86.Build.0 = Debug|Win32
		{029E5746-BF41-42C3-871F-DCE44670A3B0}.vcruntime140|x64.ActiveCfg = Debug|x64
		{029E5746-BF41-42C3-871F-DCE44670A3B0}.vcruntime140|x64.Build.0 = Debug|x64
		{029E5746-BF41-42C3-871F-DCE44670A3B0}.vcruntime140|x86.ActiveCfg = Debug|Win32
		{029E5746-BF41-42C3-871F-DCE44670A3B0}.vcruntime140|x86.Build.0 = Debug|Win32
		{029E5746-BF41-42C3-871F-DCE44670A3B0}.vcruntime140d|x64.ActiveCfg = Debug|x64
		{029E5746-BF41-42C3-871F-DCE44670A3B0}.vcruntime140d|x64.Build.0 = Debug|x64
		{029E5746-BF41-42C3-871F-DCE44670A3B0}.vcruntime140d|x86.ActiveCfg = Debug|Win32
		{029E5746-BF41-42C3-871F-DCE44670A3B0}.vcruntime140d|x86.Build.0 = Debug|Win32
		{029E5746-BF41-42C3-871F-DCE44670A3B0}.version|x64.ActiveCfg = Debug|x64
		{029E5746-BF41-42C3-871F-DCE44670A3B0}.version|x64.Build.0 = Debug|x64
		{029E5746-BF41-42C3-871F-DCE44670A3B0}.version|x86.ActiveCfg = Debug|Win32
		{029E5746-BF41-42C3-871F-DCE44670A3B0}.version|x86.Build.0 = Debug|Win32
		{029E5746-BF41-42C3-871F-DCE44670A3B0}.winhttp|x64.ActiveCfg = Debug|x64
		{029E5746-BF41-42C3-871F-DCE44670A3B0}.winhttp|x64.Build.0 = Debug|x64
		{029E5746-BF41-42C3-871F-DCE44670A3B0}.winhttp|x86.ActiveCfg = Debug|Win32
		{029E5746-BF41-42C3-871F-DCE44670A3B0}.winhttp|x86.Build.0 = Debug|Win32
		{029E5746-BF41-42C3-871F-DCE44670A3B0}.wininet|x64.ActiveCfg = Debug|x64
		{029E5746-BF41-42C3-871F-DCE44670A3B0}.wininet|x64.Build.0 = Debug|x64
		{029E5746-BF41-42C3-871F-DCE44670A3B0}.wininet|x86.ActiveCfg = Debug|Win32
		{029E5746-BF41-42C3-871F-DCE44670A3B0}.wininet|x86.Build.0 = Debug|Win32
		{029E5746-BF41-42C3-871F-DCE44670A3B0}.winmm|x64.ActiveCfg = Debug|x64
		{029E5746-BF41-42C3-871F-DCE44670A3B0}.winmm|x64.Build.0 = Debug|x64
		{029E5746-BF41-42C3-871F-DCE44670A3B0}.winmm|x86.ActiveCfg = Debug|Win32
		{029E5746-BF41-42C3-871F-DCE44670A3B0}.winmm|x86.Build.0 = Debug|Win32
		{029E5746-BF41-42C3-871F-DCE44670A3B0}.xaudio2_7|x64.ActiveCfg = Debug|x64
		{029E5746-BF41-42C3-871F-DCE44670A3B0}.xaudio2_7|x64.Build.0 = Debug|x64
		{029E5746-BF41-42C3-871F-DCE44670A3B0}.xaudio2_7|x86.ActiveCfg = Debug|Win32
		{029E5746-BF41-42C3-871F-DCE44670A3B0}.xaudio2_7|x86.Build.0 = Debug|Win32
		{029E5746-BF41-42C3-871F-DCE44670A3B0}.xaudio2_8|x64.ActiveCfg = Debug|x64
		{029E5746-BF41-42C3-871F-DCE44670A3B0}.xaudio2_8|x64.Build.0 = Debug|x64
		{029E5746-BF41-42C3-871F-DCE44670A3B0}.xaudio2_8|x86.ActiveCfg = Debug|Win32
		{029E5746-BF41-42C3-871F-DCE44670A3B0}.xaudio2_8|x86.Build.0 = Debug|Win32
		{029E5746-BF41-42C3-871F-DCE44670A3B0}.xaudio2_9|x64.ActiveCfg = Debug|x64
		{029E5746-BF41-42C3-871F-DCE44670A3B0}.xaudio2_9|x64.Build.0 = Debug|x64
		{029E5746-BF41-42C3-871F-DCE44670A3B0}.xaudio2_9|x86.ActiveCfg = Debug|Win32
		{029E5746-BF41-42C3-871F-DCE44670A3B0}.xaudio2_9|x86.Build.0 = Debug|Win32
		{029E5746-BF41-42C3-871F-DCE44670A3B0}.xinput1_3|x64.ActiveCfg = Debug|x64
		{029E5746-BF41-42C3-871F-DCE44670A3B0}.xinput1_3|x64.Build.0 = Debug|x64
		{029E5746-BF41-42C3-871F-DCE44670A3B0}.xinput1_3|x86.ActiveCfg = Debug|Win32
		{029E5746-BF41-42C3-871F-DCE44670A3B0}.xinput1_3|x86.Build.0 = Debug|Win32
		{029E5746-BF41-42C3-871F-DCE44670A3B0}.xinput1_4|x64.ActiveCfg = Release|x64
		{029E5746-BF41-42C3-871F-DCE44670A3B0}.xinput1_4|x64.Build.0 = Release|x64
		{029E5746-BF41-42C3-871F-DCE44670A3B0}.xinput1_4|x86.ActiveCfg = Debug|Win32
		{029E5746-BF41-42C3-871F-DCE44670A3B0}.xinput1_4|x86.Build.0 = Debug|Win32
		{029E5746-BF41-42C3-871F-DCE44670A3B0}.xinput9_1_0|x64.ActiveCfg = Debug|x64
		{029E5746-BF41-42C3-871F-DCE44670A3B0}.xinput9_1_0|x64.Build.0 = Debug|x64
		{029E5746-BF41-42C3-871F-DCE44670A3B0}.xinput9_1_0|x86.ActiveCfg = Debug|Win32
		{029E5746-BF41-42C3-871F-DCE44670A3B0}.xinput9_1_0|x86.Build.0 = Debug|Win32
	EndGlobalSection
	GlobalSection(SolutionProperties) = preSolution
		HideSolutionNode = FALSE
	EndGlobalSection
	GlobalSection(ExtensibilityGlobals) = postSolution
		SolutionGuid = {C490D610-E417-4692-8ADA-74ED9ED9C88D}
	EndGlobalSection
EndGlobal
